github.com/davecgh/go-spew v1.1.1 h1:vj9j/u1bqnvCEfJOwUhtlOARqs3+rkHYY13jYWTU97c=
github.com/davecgh/go-spew v1.1.1/go.mod h1:J7Y8YcW2NihsgmVo/mv3lAwl/skON4iLHjSsI+c5H38=
github.com/domonda/go-errs v0.0.0-20230810132956-1b6272f9fc8f h1:OQaXlKXZc52Vsz7iH23NhddeMr0niW0tetB8Fq3k4yQ=
github.com/domonda/go-errs v0.0.0-20230810132956-1b6272f9fc8f/go.mod h1:DYkFE3rxUGhTCMmR5MpQ2NTtoCPiORdjBATGkIEeGKM=
github.com/domonda/go-pretty v0.0.0-20230810130018-8920f571470a h1:b3a6MwwMrHR9dw6585e3Ky51T50OKuD3fRuLyh8ziEw=
github.com/domonda/go-pretty v0.0.0-20230810130018-8920f571470a/go.mod h1:3QkM8UJdyJMeKZiIo7hYzSkQBpRS3k0gOHw4ysyEIB4=
github.com/domonda/go-types v0.0.0-20230810133443-7fcb0a5a218b h1:owt4+9DbUZvPYKjUfUnE+unOlVmJ35CItJTM2Sr8iwk=
github.com/domonda/go-types v0.0.0-20230810133443-7fcb0a5a218b/go.mod h1:qMSeU/23ZUopt+1kY0pJ27iqNRtsY1jATQklyCyLRAU=
github.com/fsnotify/fsnotify v1.6.0 h1:n+5WquG0fcWoWp6xPWfHdbskMCQaFnG6PfBrh1Ky4HY=
github.com/fsnotify/fsnotify v1.6.0/go.mod h1:sl3t1tCWJFWoRz9R8WJCbQihKKwmorjAbSClcnxKAGw=
github.com/pmezard/go-difflib v1.0.0 h1:4DBwDE0NGyQoBHbLQYPwSUPoCMWR5BEzIk/f1lZbAQM=
github.com/pmezard/go-difflib v1.0.0/go.mod h1:iKH77koFhYxTK1pcRnkKkqfTogsbg7gZNVY4sRDYZ/4=
github.com/stretchr/testify v1.8.4 h1:CcVxjf3Q8PM0mHUKJCdn+eZZtm5yQwehR5yeSVQQcUk=
github.com/stretchr/testify v1.8.4/go.mod h1:sz/lmYIOXD/1dqDmKjjqLyZ2RngseejIcXlSw2iwfAo=
github.com/ungerik/go-fs v0.0.0-20230810132455-f7ff27f6fa2b h1:hZ/Tp1sn1oRwYqIZfjpfUp8N+5e3LGk32O8OAMh9VOk=
github.com/ungerik/go-fs v0.0.0-20230810132455-f7ff27f6fa2b/go.mod h1:P8k1DG+Ox0KP4MFNTSPd8ojoDUwXjrWdGjsssF6vT/g=
golang.org/x/sys v0.0.0-20220908164124-27713097b956/go.mod h1:oPkhp1MJrh7nUepCBck5+mAzfO9JrbApNNgaTdGDITg=
golang.org/x/sys v0.11.0 h1:eG7RXZHdqOJ1i+0lgLgCpSXAp6M3LYlAo6osgSi0xOM=
golang.org/x/sys v0.11.0/go.mod h1:oPkhp1MJrh7nUepCBck5+mAzfO9JrbApNNgaTdGDITg=
gopkg.in/yaml.v3 v3.0.1 h1:fxVm/GzAzEWqLHuvctI91KS9hhNmmWOoWu0XTYJS7CA=
gopkg.in/yaml.v3 v3.0.1/go.mod h1:K4uyk7z7BCEPqu6E+C64Yfv1cQ7kz7rIZviUmN+EgEM=
