github.com/davecgh/go-spew v1.1.1 h1:vj9j/u1bqnvCEfJOwUhtlOARqs3+rkHYY13jYWTU97c=
github.com/domonda/go-errs v0.0.0-20221201115330-819262069697 h1:Z7QBf0irXHMZSuuex53IyyXHlGc48s/wDAoETz4FyBU=
github.com/domonda/go-errs v0.0.0-20221201115330-819262069697/go.mod h1:WvIoE59Dfs0hhB2GYSlwowlBr2WWGXf/F74bg6HWUpQ=
github.com/domonda/go-pretty v0.0.0-20220317123925-dd9e6bef129a h1:6/Is0KGl5Ot3E8ZLAgAFWYiSRdU+3t3jL38+5yIlCV4=
github.com/domonda/go-pretty v0.0.0-20220317123925-dd9e6bef129a/go.mod h1:3QkM8UJdyJMeKZiIo7hYzSkQBpRS3k0gOHw4ysyEIB4=
github.com/domonda/go-types v0.0.0-20230116094330-e883f09f9d6d h1:stkenNiaDmign9K93U+1kkllEnwxHDQXWDo22gaAnBQ=
github.com/domonda/go-types v0.0.0-20230116094330-e883f09f9d6d/go.mod h1:paPqgf6Ni6tv3JmT8r8DQ5iKopxf0IM8f93Ozi/qBfM=
github.com/fsnotify/fsnotify v1.6.0 h1:n+5WquG0fcWoWp6xPWfHdbskMCQaFnG6PfBrh1Ky4HY=
github.com/fsnotify/fsnotify v1.6.0/go.mod h1:sl3t1tCWJFWoRz9R8WJCbQihKKwmorjAbSClcnxKAGw=
github.com/pmezard/go-difflib v1.0.0 h1:4DBwDE0NGyQoBHbLQYPwSUPoCMWR5BEzIk/f1lZbAQM=
github.com/stretchr/testify v1.8.1 h1:w7B6lhMri9wdJUVmEZPGGhZzrYTPvgJArz7wNPgYKsk=
github.com/ungerik/go-fs v0.0.0-20230123084935-ad138e78535a h1:yJZ7Ju1cQ8vPpDALjW9nxT22Dj0Vc9Y+h6hBT1lCJY4=
github.com/ungerik/go-fs v0.0.0-20230123084935-ad138e78535a/go.mod h1:wSSvK/VAz72bLlVrZvSBzPrSHSawjVpyoNW7LorFDww=
golang.org/x/exp v0.0.0-20230118134722-a68e582fa157 h1:fiNkyhJPUvxbRPbCqY/D9qdjmPzfHcpK3P4bM4gioSY=
golang.org/x/exp v0.0.0-20230118134722-a68e582fa157/go.mod h1:CxIveKay+FTh1D0yPZemJVgC/95VzuuOLq5Qi4xnoYc=
golang.org/x/sys v0.0.0-20220908164124-27713097b956/go.mod h1:oPkhp1MJrh7nUepCBck5+mAzfO9JrbApNNgaTdGDITg=
golang.org/x/sys v0.4.0 h1:Zr2JFtRQNX3BCZ8YtxRE9hNJYC8J6I1MVbMg6owUp18=
golang.org/x/sys v0.4.0/go.mod h1:oPkhp1MJrh7nUepCBck5+mAzfO9JrbApNNgaTdGDITg=
gopkg.in/yaml.v3 v3.0.1 h1:fxVm/GzAzEWqLHuvctI91KS9hhNmmWOoWu0XTYJS7CA=
