github.com/davecgh/go-spew v1.1.1 h1:vj9j/u1bqnvCEfJOwUhtlOARqs3+rkHYY13jYWTU97c=
github.com/davecgh/go-spew v1.1.1/go.mod h1:J7Y8YcW2NihsgmVo/mv3lAwl/skON4iLHjSsI+c5H38=
github.com/domonda/go-errs v0.0.0-20240301142737-8fde935c9bd4 h1:qidwzgjM8qrKy326iXVNHNN/qB89o1lfiAi7pMuNbQU=
github.com/domonda/go-errs v0.0.0-20240301142737-8fde935c9bd4/go.mod h1:NnvsIo+bzAany1nQLMViGDgJ8kx3k5N/D1+UJz3hEXc=
github.com/domonda/go-pretty v0.0.0-20240110134850-17385799142f h1:5eA74m451PqlqCXyJzWXp95Quj4PZ6Lm/ndKBuiNhe4=
github.com/domonda/go-pretty v0.0.0-20240110134850-17385799142f/go.mod h1:3QkM8UJdyJMeKZiIo7hYzSkQBpRS3k0gOHw4ysyEIB4=
github.com/domonda/go-types v0.0.0-20240304130021-550340237017 h1:VeAQI9ZSlQbP+WHBqZk6PLMS4tEGtrz6yBL34hOr6Kk=
github.com/domonda/go-types v0.0.0-20240304130021-550340237017/go.mod h1:iLpZ3myjpxZgM1Q8Z+Jg8WDCzHjuVj5U3WZyh+2QBac=
github.com/fsnotify/fsnotify v1.7.0 h1:8JEhPFa5W2WU7YfeZzPNqzMP6Lwt7L2715Ggo0nosvA=
github.com/fsnotify/fsnotify v1.7.0/go.mod h1:40Bi/Hjc2AVfZrqy+aj+yEI+/bRxZnMJyTJwOpGvigM=
github.com/pmezard/go-difflib v1.0.0 h1:4DBwDE0NGyQoBHbLQYPwSUPoCMWR5BEzIk/f1lZbAQM=
github.com/pmezard/go-difflib v1.0.0/go.mod h1:iKH77koFhYxTK1pcRnkKkqfTogsbg7gZNVY4sRDYZ/4=
github.com/stretchr/testify v1.9.0 h1:HtqpIVDClZ4nwg75+f6Lvsy/wHu+3BoSGCbBAcpTsTg=
github.com/stretchr/testify v1.9.0/go.mod h1:r2ic/lqez/lEtzL7wO/rwa5dbSLXVDPFyf8C91i36aY=
github.com/ungerik/go-fs v0.0.0-20240302080707-ebffc0d04c7c h1:FJ07vAlaHpo/OZcKTrnpemJ06Tb90T0Mt0UT4iNfwzs=
github.com/ungerik/go-fs v0.0.0-20240302080707-ebffc0d04c7c/go.mod h1:uJoyhNruti7dh2/DTNIF+N8s/sCd9uIhCBT8gzk6190=
golang.org/x/sys v0.24.0 h1:Twjiwq9dn6R1fQcyiK+wQyHWfaz/BJB+YIpzU/Cv3Xg=
golang.org/x/sys v0.24.0/go.mod h1:/VUhepiaJMQUp4+oa/7Zr1D23ma6VTLIYjOOTFZPUcA=
gopkg.in/yaml.v3 v3.0.1 h1:fxVm/GzAzEWqLHuvctI91KS9hhNmmWOoWu0XTYJS7CA=
gopkg.in/yaml.v3 v3.0.1/go.mod h1:K4uyk7z7BCEPqu6E+C64Yfv1cQ7kz7rIZviUmN+EgEM=
